
Microsoft Visual Studio Solution File, Format Version 12.00
# Visual Studio Version 16
VisualStudioVersion = 16.0.30413.136
MinimumVisualStudioVersion = 10.0.40219.1
Project("{FAE04EC0-301F-11D3-BF4B-00C04F79EFBC}") = "GetWeight", "GetWeight.csproj", "{DA98E082-55DB-4491-96FF-FA6CE482C30A}"
EndProject
Global
	GlobalSection(SolutionConfigurationPlatforms) = preSolution
		Debug|Any CPU = Debug|Any CPU
		Release|Any CPU = Release|Any CPU
	EndGlobalSection
	GlobalSection(ProjectConfigurationPlatforms) = postSolution
		{DA98E082-55DB-4491-96FF-FA6CE482C30A}.Debug|Any CPU.ActiveCfg = Debug|Any CPU
		{DA98E082-55DB-4491-96FF-FA6CE482C30A}.Debug|Any CPU.Build.0 = Debug|Any CPU
		{DA98E082-55DB-4491-96FF-FA6CE482C30A}.Release|Any CPU.ActiveCfg = Release|Any CPU
		{DA98E082-55DB-4491-96FF-FA6CE482C30A}.Release|Any CPU.Build.0 = Release|Any CPU
	EndGlobalSection
	GlobalSection(SolutionProperties) = preSolution
		HideSolutionNode = FALSE
	EndGlobalSection
	GlobalSection(ExtensibilityGlobals) = postSolution
		SolutionGuid = {47710B84-ED18-44D8-A9A0-14408CC8723C}
	EndGlobalSection
EndGlobal
